
Microsoft Visual Studio Solution File, Format Version 12.00
# Visual Studio 15
VisualStudioVersion = 15.0.27703.2035
MinimumVisualStudioVersion = 10.0.40219.1
Project("{FAE04EC0-301F-11D3-BF4B-00C04F79EFBC}") = "PickerSelectedChangedDemo.Android", "PickerSelectedChangedDemo\PickerSelectedChangedDemo.Android\PickerSelectedChangedDemo.Android.csproj", "{05AF83A4-51EB-4928-843E-C5AC93EEA93E}"
EndProject
Project("{FAE04EC0-301F-11D3-BF4B-00C04F79EFBC}") = "PickerSelectedChangedDemo.iOS", "PickerSelectedChangedDemo\PickerSelectedChangedDemo.iOS\PickerSelectedChangedDemo.iOS.csproj", "{744DB2E3-CF4A-4ACD-8317-59B408129BFC}"
EndProject
Project("{FAE04EC0-301F-11D3-BF4B-00C04F79EFBC}") = "PickerSelectedChangedDemo", "PickerSelectedChangedDemo\PickerSelectedChangedDemo\PickerSelectedChangedDemo.csproj", "{8751B249-51B1-410C-AA77-93C2A986D4F8}"
EndProject
Global
	GlobalSection(SolutionConfigurationPlatforms) = preSolution
		Ad-Hoc|Any CPU = Ad-Hoc|Any CPU
		Ad-Hoc|iPhone = Ad-Hoc|iPhone
		Ad-Hoc|iPhoneSimulator = Ad-Hoc|iPhoneSimulator
		AppStore|Any CPU = AppStore|Any CPU
		AppStore|iPhone = AppStore|iPhone
		AppStore|iPhoneSimulator = AppStore|iPhoneSimulator
		Debug|Any CPU = Debug|Any CPU
		Debug|iPhone = Debug|iPhone
		Debug|iPhoneSimulator = Debug|iPhoneSimulator
		Release|Any CPU = Release|Any CPU
		Release|iPhone = Release|iPhone
		Release|iPhoneSimulator = Release|iPhoneSimulator
	EndGlobalSection
	GlobalSection(ProjectConfigurationPlatforms) = postSolution
		{05AF83A4-51EB-4928-843E-C5AC93EEA93E}.Ad-Hoc|Any CPU.ActiveCfg = Release|Any CPU
		{05AF83A4-51EB-4928-843E-C5AC93EEA93E}.Ad-Hoc|Any CPU.Build.0 = Release|Any CPU
		{05AF83A4-51EB-4928-843E-C5AC93EEA93E}.Ad-Hoc|Any CPU.Deploy.0 = Release|Any CPU
		{05AF83A4-51EB-4928-843E-C5AC93EEA93E}.Ad-Hoc|iPhone.ActiveCfg = Release|Any CPU
		{05AF83A4-51EB-4928-843E-C5AC93EEA93E}.Ad-Hoc|iPhone.Build.0 = Release|Any CPU
		{05AF83A4-51EB-4928-843E-C5AC93EEA93E}.Ad-Hoc|iPhone.Deploy.0 = Release|Any CPU
		{05AF83A4-51EB-4928-843E-C5AC93EEA93E}.Ad-Hoc|iPhoneSimulator.ActiveCfg = Release|Any CPU
		{05AF83A4-51EB-4928-843E-C5AC93EEA93E}.Ad-Hoc|iPhoneSimulator.Build.0 = Release|Any CPU
		{05AF83A4-51EB-4928-843E-C5AC93EEA93E}.Ad-Hoc|iPhoneSimulator.Deploy.0 = Release|Any CPU
		{05AF83A4-51EB-4928-843E-C5AC93EEA93E}.AppStore|Any CPU.ActiveCfg = Release|Any CPU
		{05AF83A4-51EB-4928-843E-C5AC93EEA93E}.AppStore|Any CPU.Build.0 = Release|Any CPU
		{05AF83A4-51EB-4928-843E-C5AC93EEA93E}.AppStore|Any CPU.Deploy.0 = Release|Any CPU
		{05AF83A4-51EB-4928-843E-C5AC93EEA93E}.AppStore|iPhone.ActiveCfg = Release|Any CPU
		{05AF83A4-51EB-4928-843E-C5AC93EEA93E}.AppStore|iPhone.Build.0 = Release|Any CPU
		{05AF83A4-51EB-4928-843E-C5AC93EEA93E}.AppStore|iPhone.Deploy.0 = Release|Any CPU
		{05AF83A4-51EB-4928-843E-C5AC93EEA93E}.AppStore|iPhoneSimulator.ActiveCfg = Release|Any CPU
		{05AF83A4-51EB-4928-843E-C5AC93EEA93E}.AppStore|iPhoneSimulator.Build.0 = Release|Any CPU
		{05AF83A4-51EB-4928-843E-C5AC93EEA93E}.AppStore|iPhoneSimulator.Deploy.0 = Release|Any CPU
		{05AF83A4-51EB-4928-843E-C5AC93EEA93E}.Debug|Any CPU.ActiveCfg = Debug|Any CPU
		{05AF83A4-51EB-4928-843E-C5AC93EEA93E}.Debug|Any CPU.Build.0 = Debug|Any CPU
		{05AF83A4-51EB-4928-843E-C5AC93EEA93E}.Debug|Any CPU.Deploy.0 = Debug|Any CPU
		{05AF83A4-51EB-4928-843E-C5AC93EEA93E}.Debug|iPhone.ActiveCfg = Debug|Any CPU
		{05AF83A4-51EB-4928-843E-C5AC93EEA93E}.Debug|iPhone.Build.0 = Debug|Any CPU
		{05AF83A4-51EB-4928-843E-C5AC93EEA93E}.Debug|iPhone.Deploy.0 = Debug|Any CPU
		{05AF83A4-51EB-4928-843E-C5AC93EEA93E}.Debug|iPhoneSimulator.ActiveCfg = Debug|Any CPU
		{05AF83A4-51EB-4928-843E-C5AC93EEA93E}.Debug|iPhoneSimulator.Build.0 = Debug|Any CPU
		{05AF83A4-51EB-4928-843E-C5AC93EEA93E}.Debug|iPhoneSimulator.Deploy.0 = Debug|Any CPU
		{05AF83A4-51EB-4928-843E-C5AC93EEA93E}.Release|Any CPU.ActiveCfg = Release|Any CPU
		{05AF83A4-51EB-4928-843E-C5AC93EEA93E}.Release|Any CPU.Build.0 = Release|Any CPU
		{05AF83A4-51EB-4928-843E-C5AC93EEA93E}.Release|Any CPU.Deploy.0 = Release|Any CPU
		{05AF83A4-51EB-4928-843E-C5AC93EEA93E}.Release|iPhone.ActiveCfg = Release|Any CPU
		{05AF83A4-51EB-4928-843E-C5AC93EEA93E}.Release|iPhone.Build.0 = Release|Any CPU
		{05AF83A4-51EB-4928-843E-C5AC93EEA93E}.Release|iPhone.Deploy.0 = Release|Any CPU
		{05AF83A4-51EB-4928-843E-C5AC93EEA93E}.Release|iPhoneSimulator.ActiveCfg = Release|Any CPU
		{05AF83A4-51EB-4928-843E-C5AC93EEA93E}.Release|iPhoneSimulator.Build.0 = Release|Any CPU
		{05AF83A4-51EB-4928-843E-C5AC93EEA93E}.Release|iPhoneSimulator.Deploy.0 = Release|Any CPU
		{744DB2E3-CF4A-4ACD-8317-59B408129BFC}.Ad-Hoc|Any CPU.ActiveCfg = Ad-Hoc|iPhone
		{744DB2E3-CF4A-4ACD-8317-59B408129BFC}.Ad-Hoc|Any CPU.Build.0 = Ad-Hoc|iPhone
		{744DB2E3-CF4A-4ACD-8317-59B408129BFC}.Ad-Hoc|Any CPU.Deploy.0 = Ad-Hoc|iPhone
		{744DB2E3-CF4A-4ACD-8317-59B408129BFC}.Ad-Hoc|iPhone.ActiveCfg = Ad-Hoc|iPhone
		{744DB2E3-CF4A-4ACD-8317-59B408129BFC}.Ad-Hoc|iPhone.Build.0 = Ad-Hoc|iPhone
		{744DB2E3-CF4A-4ACD-8317-59B408129BFC}.Ad-Hoc|iPhone.Deploy.0 = Ad-Hoc|iPhone
		{744DB2E3-CF4A-4ACD-8317-59B408129BFC}.Ad-Hoc|iPhoneSimulator.ActiveCfg = Ad-Hoc|iPhoneSimulator
		{744DB2E3-CF4A-4ACD-8317-59B408129BFC}.Ad-Hoc|iPhoneSimulator.Build.0 = Ad-Hoc|iPhoneSimulator
		{744DB2E3-CF4A-4ACD-8317-59B408129BFC}.Ad-Hoc|iPhoneSimulator.Deploy.0 = Ad-Hoc|iPhoneSimulator
		{744DB2E3-CF4A-4ACD-8317-59B408129BFC}.AppStore|Any CPU.ActiveCfg = AppStore|iPhone
		{744DB2E3-CF4A-4ACD-8317-59B408129BFC}.AppStore|Any CPU.Build.0 = AppStore|iPhone
		{744DB2E3-CF4A-4ACD-8317-59B408129BFC}.AppStore|Any CPU.Deploy.0 = AppStore|iPhone
		{744DB2E3-CF4A-4ACD-8317-59B408129BFC}.AppStore|iPhone.ActiveCfg = AppStore|iPhone
		{744DB2E3-CF4A-4ACD-8317-59B408129BFC}.AppStore|iPhone.Build.0 = AppStore|iPhone
		{744DB2E3-CF4A-4ACD-8317-59B408129BFC}.AppStore|iPhone.Deploy.0 = AppStore|iPhone
		{744DB2E3-CF4A-4ACD-8317-59B408129BFC}.AppStore|iPhoneSimulator.ActiveCfg = AppStore|iPhoneSimulator
		{744DB2E3-CF4A-4ACD-8317-59B408129BFC}.AppStore|iPhoneSimulator.Build.0 = AppStore|iPhoneSimulator
		{744DB2E3-CF4A-4ACD-8317-59B408129BFC}.AppStore|iPhoneSimulator.Deploy.0 = AppStore|iPhoneSimulator
		{744DB2E3-CF4A-4ACD-8317-59B408129BFC}.Debug|Any CPU.ActiveCfg = Debug|iPhoneSimulator
		{744DB2E3-CF4A-4ACD-8317-59B408129BFC}.Debug|Any CPU.Build.0 = Debug|iPhoneSimulator
		{744DB2E3-CF4A-4ACD-8317-59B408129BFC}.Debug|Any CPU.Deploy.0 = Debug|iPhoneSimulator
		{744DB2E3-CF4A-4ACD-8317-59B408129BFC}.Debug|iPhone.ActiveCfg = Debug|iPhone
		{744DB2E3-CF4A-4ACD-8317-59B408129BFC}.Debug|iPhone.Build.0 = Debug|iPhone
		{744DB2E3-CF4A-4ACD-8317-59B408129BFC}.Debug|iPhone.Deploy.0 = Debug|iPhone
		{744DB2E3-CF4A-4ACD-8317-59B408129BFC}.Debug|iPhoneSimulator.ActiveCfg = Debug|iPhoneSimulator
		{744DB2E3-CF4A-4ACD-8317-59B408129BFC}.Debug|iPhoneSimulator.Build.0 = Debug|iPhoneSimulator
		{744DB2E3-CF4A-4ACD-8317-59B408129BFC}.Debug|iPhoneSimulator.Deploy.0 = Debug|iPhoneSimulator
		{744DB2E3-CF4A-4ACD-8317-59B408129BFC}.Release|Any CPU.ActiveCfg = Release|iPhone
		{744DB2E3-CF4A-4ACD-8317-59B408129BFC}.Release|Any CPU.Build.0 = Release|iPhone
		{744DB2E3-CF4A-4ACD-8317-59B408129BFC}.Release|Any CPU.Deploy.0 = Release|iPhone
		{744DB2E3-CF4A-4ACD-8317-59B408129BFC}.Release|iPhone.ActiveCfg = Release|iPhone
		{744DB2E3-CF4A-4ACD-8317-59B408129BFC}.Release|iPhone.Build.0 = Release|iPhone
		{744DB2E3-CF4A-4ACD-8317-59B408129BFC}.Release|iPhone.Deploy.0 = Release|iPhone
		{744DB2E3-CF4A-4ACD-8317-59B408129BFC}.Release|iPhoneSimulator.ActiveCfg = Release|iPhoneSimulator
		{744DB2E3-CF4A-4ACD-8317-59B408129BFC}.Release|iPhoneSimulator.Build.0 = Release|iPhoneSimulator
		{744DB2E3-CF4A-4ACD-8317-59B408129BFC}.Release|iPhoneSimulator.Deploy.0 = Release|iPhoneSimulator
		{8751B249-51B1-410C-AA77-93C2A986D4F8}.Ad-Hoc|Any CPU.ActiveCfg = Debug|Any CPU
		{8751B249-51B1-410C-AA77-93C2A986D4F8}.Ad-Hoc|Any CPU.Build.0 = Debug|Any CPU
		{8751B249-51B1-410C-AA77-93C2A986D4F8}.Ad-Hoc|Any CPU.Deploy.0 = Debug|Any CPU
		{8751B249-51B1-410C-AA77-93C2A986D4F8}.Ad-Hoc|iPhone.ActiveCfg = Debug|Any CPU
		{8751B249-51B1-410C-AA77-93C2A986D4F8}.Ad-Hoc|iPhone.Build.0 = Debug|Any CPU
		{8751B249-51B1-410C-AA77-93C2A986D4F8}.Ad-Hoc|iPhone.Deploy.0 = Debug|Any CPU
		{8751B249-51B1-410C-AA77-93C2A986D4F8}.Ad-Hoc|iPhoneSimulator.ActiveCfg = Debug|Any CPU
		{8751B249-51B1-410C-AA77-93C2A986D4F8}.Ad-Hoc|iPhoneSimulator.Build.0 = Debug|Any CPU
		{8751B249-51B1-410C-AA77-93C2A986D4F8}.Ad-Hoc|iPhoneSimulator.Deploy.0 = Debug|Any CPU
		{8751B249-51B1-410C-AA77-93C2A986D4F8}.AppStore|Any CPU.ActiveCfg = Debug|Any CPU
		{8751B249-51B1-410C-AA77-93C2A986D4F8}.AppStore|Any CPU.Build.0 = Debug|Any CPU
		{8751B249-51B1-410C-AA77-93C2A986D4F8}.AppStore|Any CPU.Deploy.0 = Debug|Any CPU
		{8751B249-51B1-410C-AA77-93C2A986D4F8}.AppStore|iPhone.ActiveCfg = Debug|Any CPU
		{8751B249-51B1-410C-AA77-93C2A986D4F8}.AppStore|iPhone.Build.0 = Debug|Any CPU
		{8751B249-51B1-410C-AA77-93C2A986D4F8}.AppStore|iPhone.Deploy.0 = Debug|Any CPU
		{8751B249-51B1-410C-AA77-93C2A986D4F8}.AppStore|iPhoneSimulator.ActiveCfg = Debug|Any CPU
		{8751B249-51B1-410C-AA77-93C2A986D4F8}.AppStore|iPhoneSimulator.Build.0 = Debug|Any CPU
		{8751B249-51B1-410C-AA77-93C2A986D4F8}.AppStore|iPhoneSimulator.Deploy.0 = Debug|Any CPU
		{8751B249-51B1-410C-AA77-93C2A986D4F8}.Debug|Any CPU.ActiveCfg = Debug|Any CPU
		{8751B249-51B1-410C-AA77-93C2A986D4F8}.Debug|Any CPU.Build.0 = Debug|Any CPU
		{8751B249-51B1-410C-AA77-93C2A986D4F8}.Debug|Any CPU.Deploy.0 = Debug|Any CPU
		{8751B249-51B1-410C-AA77-93C2A986D4F8}.Debug|iPhone.ActiveCfg = Debug|Any CPU
		{8751B249-51B1-410C-AA77-93C2A986D4F8}.Debug|iPhone.Build.0 = Debug|Any CPU
		{8751B249-51B1-410C-AA77-93C2A986D4F8}.Debug|iPhone.Deploy.0 = Debug|Any CPU
		{8751B249-51B1-410C-AA77-93C2A986D4F8}.Debug|iPhoneSimulator.ActiveCfg = Debug|Any CPU
		{8751B249-51B1-410C-AA77-93C2A986D4F8}.Debug|iPhoneSimulator.Build.0 = Debug|Any CPU
		{8751B249-51B1-410C-AA77-93C2A986D4F8}.Debug|iPhoneSimulator.Deploy.0 = Debug|Any CPU
		{8751B249-51B1-410C-AA77-93C2A986D4F8}.Release|Any CPU.ActiveCfg = Release|Any CPU
		{8751B249-51B1-410C-AA77-93C2A986D4F8}.Release|Any CPU.Build.0 = Release|Any CPU
		{8751B249-51B1-410C-AA77-93C2A986D4F8}.Release|Any CPU.Deploy.0 = Release|Any CPU
		{8751B249-51B1-410C-AA77-93C2A986D4F8}.Release|iPhone.ActiveCfg = Release|Any CPU
		{8751B249-51B1-410C-AA77-93C2A986D4F8}.Release|iPhone.Build.0 = Release|Any CPU
		{8751B249-51B1-410C-AA77-93C2A986D4F8}.Release|iPhone.Deploy.0 = Release|Any CPU
		{8751B249-51B1-410C-AA77-93C2A986D4F8}.Release|iPhoneSimulator.ActiveCfg = Release|Any CPU
		{8751B249-51B1-410C-AA77-93C2A986D4F8}.Release|iPhoneSimulator.Build.0 = Release|Any CPU
		{8751B249-51B1-410C-AA77-93C2A986D4F8}.Release|iPhoneSimulator.Deploy.0 = Release|Any CPU
	EndGlobalSection
	GlobalSection(SolutionProperties) = preSolution
		HideSolutionNode = FALSE
	EndGlobalSection
	GlobalSection(ExtensibilityGlobals) = postSolution
		SolutionGuid = {3D4A952F-3E15-440E-96F9-78353A09D9DF}
	EndGlobalSection
EndGlobal
